<?xml version="1.0" encoding="utf-8"?>
<Project ToolsVersion="4.0" xmlns="http://schemas.microsoft.com/developer/msbuild/2003">
  <ItemGroup>
    <Filter Include="Source Files">
      <UniqueIdentifier>{4FC737F1-C7A5-4376-A066-2A32D752A2FF}</UniqueIdentifier>
      <Extensions>cpp;c;cc;cxx;def;odl;idl;hpj;bat;asm;asmx</Extensions>
    </Filter>
    <Filter Include="Header Files">
      <UniqueIdentifier>{93995380-89BD-4b04-88EB-625FBE52EBFB}</UniqueIdentifier>
      <Extensions>h;hpp;hxx;hm;inl;inc;xsd</Extensions>
    </Filter>
  </ItemGroup>
  <ItemGroup>
    <ClCompile Include="FBuild.cpp">
      <Filter>Source Files</Filter>
    </ClCompile>
    <ClCompile Include="CppDepends.cpp">
      <Filter>Source Files</Filter>
    </ClCompile>
    <ClCompile Include="FileOutOfDate.cpp">
      <Filter>Source Files</Filter>
    </ClCompile>
    <ClCompile Include="Copy.cpp">
      <Filter>Source Files</Filter>
    </ClCompile>
    <ClCompile Include="FileToCpp.cpp">
      <Filter>Source Files</Filter>
    </ClCompile>
    <ClCompile Include="JavaScript.cpp">
      <Filter>Source Files</Filter>
    </ClCompile>
    <ClCompile Include="Compiler.cpp">
      <Filter>Source Files</Filter>
    </ClCompile>
    <ClCompile Include="JsCompiler.cpp">
      <Filter>Source Files</Filter>
    </ClCompile>
    <ClCompile Include="JsCopy.cpp">
      <Filter>Source Files</Filter>
    </ClCompile>
    <ClCompile Include="Linker.cpp">
      <Filter>Source Files</Filter>
    </ClCompile>
    <ClCompile Include="JsLinker.cpp">
      <Filter>Source Files</Filter>
    </ClCompile>
    <ClCompile Include="JsExe.cpp">
      <Filter>Source Files</Filter>
    </ClCompile>
    <ClCompile Include="JsResourceCompiler.cpp">
      <Filter>Source Files</Filter>
    </ClCompile>
    <ClCompile Include="ResourceCompiler.cpp">
      <Filter>Source Files</Filter>
    </ClCompile>
    <ClCompile Include="JsLibrarian.cpp">
      <Filter>Source Files</Filter>
    </ClCompile>
    <ClCompile Include="Librarian.cpp">
      <Filter>Source Files</Filter>
    </ClCompile>
    <ClCompile Include="JsLib.cpp">
      <Filter>Source Files</Filter>
    </ClCompile>
    <ClCompile Include="JsFileToCpp.cpp">
      <Filter>Source Files</Filter>
    </ClCompile>
    <ClCompile Include="DirectorySync.cpp">
      <Filter>Source Files</Filter>
    </ClCompile>
  </ItemGroup>
  <ItemGroup>
    <ClInclude Include="BinaryStream.h">
      <Filter>Header Files</Filter>
    </ClInclude>
    <ClInclude Include="CppDepends.h">
      <Filter>Header Files</Filter>
    </ClInclude>
    <ClInclude Include="Parser.h">
      <Filter>Header Files</Filter>
    </ClInclude>
    <ClInclude Include="CppOutOfDate.h">
      <Filter>Header Files</Filter>
    </ClInclude>
    <ClInclude Include="FileOutOfDate.h">
      <Filter>Header Files</Filter>
    </ClInclude>
    <ClInclude Include="Precompiled.h">
      <Filter>Header Files</Filter>
    </ClInclude>
    <ClInclude Include="Copy.h">
      <Filter>Header Files</Filter>
    </ClInclude>
    <ClInclude Include="FileToCpp.h">
      <Filter>Header Files</Filter>
    </ClInclude>
    <ClInclude Include="JavaScript.h">
      <Filter>Header Files</Filter>
    </ClInclude>
    <ClInclude Include="Compiler.h">
      <Filter>Header Files</Filter>
    </ClInclude>
    <ClInclude Include="JavaScriptHelper.h">
      <Filter>Header Files</Filter>
    </ClInclude>
    <ClInclude Include="JsCompiler.h">
      <Filter>Header Files</Filter>
    </ClInclude>
    <ClInclude Include="JsCopy.h">
      <Filter>Header Files</Filter>
    </ClInclude>
    <ClInclude Include="Linker.h">
      <Filter>Header Files</Filter>
    </ClInclude>
    <ClInclude Include="JsLinker.h">
      <Filter>Header Files</Filter>
    </ClInclude>
    <ClInclude Include="JsExe.h">
      <Filter>Header Files</Filter>
    </ClInclude>
    <ClInclude Include="JsResourceCompiler.h">
      <Filter>Header Files</Filter>
    </ClInclude>
    <ClInclude Include="ResourceCompiler.h">
      <Filter>Header Files</Filter>
    </ClInclude>
    <ClInclude Include="JsLibrarian.h">
      <Filter>Header Files</Filter>
    </ClInclude>
    <ClInclude Include="Librarian.h">
      <Filter>Header Files</Filter>
    </ClInclude>
    <ClInclude Include="JsLib.h">
      <Filter>Header Files</Filter>
    </ClInclude>
    <ClInclude Include="JsFileToCpp.h">
      <Filter>Header Files</Filter>
    </ClInclude>
    <ClInclude Include="DirectorySync.h">
      <Filter>Header Files</Filter>
    </ClInclude>
  </ItemGroup>
  <ItemGroup>
    <None Include="FBuild.js" />
  </ItemGroup>
</Project>